
Microsoft Visual Studio Solution File, Format Version 12.00
# Visual Studio Version 17
VisualStudioVersion = 17.0.32112.339
MinimumVisualStudioVersion = 10.0.40219.1
Project("{2150E333-8FDC-42A3-9474-1A3956D46DE8}") = "02-Domain", "02-Domain", "{DAE0CE2D-735B-4AC3-9171-C0D59355C784}"
EndProject
Project("{2150E333-8FDC-42A3-9474-1A3956D46DE8}") = "01-Data", "01-Data", "{B7A4F094-099B-4FC8-A2E2-9A6B0A6ACA46}"
EndProject
Project("{2150E333-8FDC-42A3-9474-1A3956D46DE8}") = "03-Infra", "03-Infra", "{E5670316-E1FA-4775-A6CD-8D7940E861E9}"
EndProject
Project("{2150E333-8FDC-42A3-9474-1A3956D46DE8}") = "04-Tests", "04-Tests", "{C0EDB7E6-A3E9-4E7C-A6FD-1A798C138BBE}"
EndProject
Project("{9A19103F-16F7-4668-BE54-9A1E7A4F7556}") = "SingleAgenda.Entities", "SingleAgenda.Entities\SingleAgenda.Entities.csproj", "{396E12AE-9B59-45C0-8F08-4DF46FA558F9}"
EndProject
Project("{9A19103F-16F7-4668-BE54-9A1E7A4F7556}") = "SingleAgenda.DataAccess.Tests", "SingleAgenda.DataAccess.Tests\SingleAgenda.DataAccess.Tests.csproj", "{7CC03531-AC51-4952-8DB9-BFD1766FD95D}"
EndProject
Project("{9A19103F-16F7-4668-BE54-9A1E7A4F7556}") = "SingleAgenda.EFPersistence", "SingleAgenda.Infra\SingleAgenda.EFPersistence.csproj", "{799C9399-BD0E-45C2-9CA5-9D6A815073BA}"
EndProject
Project("{9A19103F-16F7-4668-BE54-9A1E7A4F7556}") = "SingleAgenda.Util", "SingleAgenda.Util\SingleAgenda.Util.csproj", "{15151FFC-F549-47B4-AC1E-51EDAFFC6933}"
EndProject
Project("{9A19103F-16F7-4668-BE54-9A1E7A4F7556}") = "SingleAgenda.Dtos", "SingleAgenda.Dtos\SingleAgenda.Dtos.csproj", "{A021BDAD-F7DE-435F-A886-B806C167ED8E}"
EndProject
Project("{9A19103F-16F7-4668-BE54-9A1E7A4F7556}") = "SingleAgenda.Application", "SingleAgenda.Application\SingleAgenda.Application.csproj", "{4638C82A-C687-4C99-8CB7-322EBEFAEDD3}"
EndProject
Project("{9A19103F-16F7-4668-BE54-9A1E7A4F7556}") = "SingleAgenda.WebApi", "SingleAgenda.WebApi\SingleAgenda.WebApi.csproj", "{9675AFFF-51C3-4731-A11A-EE77350B9FE2}"
EndProject
Global
	GlobalSection(SolutionConfigurationPlatforms) = preSolution
		Debug|Any CPU = Debug|Any CPU
		Release|Any CPU = Release|Any CPU
	EndGlobalSection
	GlobalSection(ProjectConfigurationPlatforms) = postSolution
		{396E12AE-9B59-45C0-8F08-4DF46FA558F9}.Debug|Any CPU.ActiveCfg = Debug|Any CPU
		{396E12AE-9B59-45C0-8F08-4DF46FA558F9}.Debug|Any CPU.Build.0 = Debug|Any CPU
		{396E12AE-9B59-45C0-8F08-4DF46FA558F9}.Release|Any CPU.ActiveCfg = Release|Any CPU
		{396E12AE-9B59-45C0-8F08-4DF46FA558F9}.Release|Any CPU.Build.0 = Release|Any CPU
		{7CC03531-AC51-4952-8DB9-BFD1766FD95D}.Debug|Any CPU.ActiveCfg = Debug|Any CPU
		{7CC03531-AC51-4952-8DB9-BFD1766FD95D}.Debug|Any CPU.Build.0 = Debug|Any CPU
		{7CC03531-AC51-4952-8DB9-BFD1766FD95D}.Release|Any CPU.ActiveCfg = Release|Any CPU
		{7CC03531-AC51-4952-8DB9-BFD1766FD95D}.Release|Any CPU.Build.0 = Release|Any CPU
		{799C9399-BD0E-45C2-9CA5-9D6A815073BA}.Debug|Any CPU.ActiveCfg = Debug|Any CPU
		{799C9399-BD0E-45C2-9CA5-9D6A815073BA}.Debug|Any CPU.Build.0 = Debug|Any CPU
		{799C9399-BD0E-45C2-9CA5-9D6A815073BA}.Release|Any CPU.ActiveCfg = Release|Any CPU
		{799C9399-BD0E-45C2-9CA5-9D6A815073BA}.Release|Any CPU.Build.0 = Release|Any CPU
		{15151FFC-F549-47B4-AC1E-51EDAFFC6933}.Debug|Any CPU.ActiveCfg = Debug|Any CPU
		{15151FFC-F549-47B4-AC1E-51EDAFFC6933}.Debug|Any CPU.Build.0 = Debug|Any CPU
		{15151FFC-F549-47B4-AC1E-51EDAFFC6933}.Release|Any CPU.ActiveCfg = Release|Any CPU
		{15151FFC-F549-47B4-AC1E-51EDAFFC6933}.Release|Any CPU.Build.0 = Release|Any CPU
		{A021BDAD-F7DE-435F-A886-B806C167ED8E}.Debug|Any CPU.ActiveCfg = Debug|Any CPU
		{A021BDAD-F7DE-435F-A886-B806C167ED8E}.Debug|Any CPU.Build.0 = Debug|Any CPU
		{A021BDAD-F7DE-435F-A886-B806C167ED8E}.Release|Any CPU.ActiveCfg = Release|Any CPU
		{A021BDAD-F7DE-435F-A886-B806C167ED8E}.Release|Any CPU.Build.0 = Release|Any CPU
		{4638C82A-C687-4C99-8CB7-322EBEFAEDD3}.Debug|Any CPU.ActiveCfg = Debug|Any CPU
		{4638C82A-C687-4C99-8CB7-322EBEFAEDD3}.Debug|Any CPU.Build.0 = Debug|Any CPU
		{4638C82A-C687-4C99-8CB7-322EBEFAEDD3}.Release|Any CPU.ActiveCfg = Release|Any CPU
		{4638C82A-C687-4C99-8CB7-322EBEFAEDD3}.Release|Any CPU.Build.0 = Release|Any CPU
		{9675AFFF-51C3-4731-A11A-EE77350B9FE2}.Debug|Any CPU.ActiveCfg = Debug|Any CPU
		{9675AFFF-51C3-4731-A11A-EE77350B9FE2}.Debug|Any CPU.Build.0 = Debug|Any CPU
		{9675AFFF-51C3-4731-A11A-EE77350B9FE2}.Release|Any CPU.ActiveCfg = Release|Any CPU
		{9675AFFF-51C3-4731-A11A-EE77350B9FE2}.Release|Any CPU.Build.0 = Release|Any CPU
	EndGlobalSection
	GlobalSection(SolutionProperties) = preSolution
		HideSolutionNode = FALSE
	EndGlobalSection
	GlobalSection(NestedProjects) = preSolution
		{396E12AE-9B59-45C0-8F08-4DF46FA558F9} = {B7A4F094-099B-4FC8-A2E2-9A6B0A6ACA46}
		{7CC03531-AC51-4952-8DB9-BFD1766FD95D} = {C0EDB7E6-A3E9-4E7C-A6FD-1A798C138BBE}
		{799C9399-BD0E-45C2-9CA5-9D6A815073BA} = {B7A4F094-099B-4FC8-A2E2-9A6B0A6ACA46}
		{15151FFC-F549-47B4-AC1E-51EDAFFC6933} = {E5670316-E1FA-4775-A6CD-8D7940E861E9}
		{A021BDAD-F7DE-435F-A886-B806C167ED8E} = {DAE0CE2D-735B-4AC3-9171-C0D59355C784}
		{4638C82A-C687-4C99-8CB7-322EBEFAEDD3} = {DAE0CE2D-735B-4AC3-9171-C0D59355C784}
	EndGlobalSection
	GlobalSection(ExtensibilityGlobals) = postSolution
		SolutionGuid = {C96C6FF6-6EC7-4257-9D01-A9D380721976}
	EndGlobalSection
EndGlobal
